
Microsoft Visual Studio Solution File, Format Version 12.00
# Visual Studio Version 17
VisualStudioVersion = 17.14.36401.2
MinimumVisualStudioVersion = 10.0.40219.1
Project("{2150E333-8FDC-42A3-9474-1A3956D46DE8}") = "Services", "Services", "{02EA681E-C7D8-13C7-8484-4AC65E1B71E8}"
EndProject
Project("{2150E333-8FDC-42A3-9474-1A3956D46DE8}") = "Catalog", "Catalog", "{50CEEE51-9780-48E8-8953-B318E16367A8}"
EndProject
Project("{FAE04EC0-301F-11D3-BF4B-00C04F79EFBC}") = "ETrade.Catalog", "Services\Catalog\ETrade.Catalog\ETrade.Catalog.csproj", "{DE7D85F3-AB37-4734-9E57-51A7FF07C179}"
EndProject
Project("{2150E333-8FDC-42A3-9474-1A3956D46DE8}") = "Discount", "Discount", "{738F46F9-FD9C-4B0A-A1C6-5387B3D665BB}"
EndProject
Project("{FAE04EC0-301F-11D3-BF4B-00C04F79EFBC}") = "ETrade.Discount", "Services\Discount\ETrade.Discount\ETrade.Discount.csproj", "{B45FDC0F-7A52-4A83-B67D-230B9F40FEB4}"
EndProject
Project("{2150E333-8FDC-42A3-9474-1A3956D46DE8}") = "Order", "Order", "{3C4B928E-F761-4664-A225-016E3CF79F25}"
EndProject
Project("{2150E333-8FDC-42A3-9474-1A3956D46DE8}") = "Core", "Core", "{98D7FB9C-B322-488E-877C-44660E69C38A}"
EndProject
Project("{2150E333-8FDC-42A3-9474-1A3956D46DE8}") = "Insfracture", "Insfracture", "{3D67FBE0-A48E-4B74-85AA-FB1FC0BB9518}"
EndProject
Project("{2150E333-8FDC-42A3-9474-1A3956D46DE8}") = "Presentation", "Presentation", "{CF1F69B6-4BEB-42AE-8790-4AADE61D2ECA}"
EndProject
Project("{FAE04EC0-301F-11D3-BF4B-00C04F79EFBC}") = "ETrade.Order.Domain", "Services\Order\Core\ETrade.Order.Domain\ETrade.Order.Domain.csproj", "{802EB2D7-59D9-46FB-9FD3-412F344B3E1F}"
EndProject
Project("{FAE04EC0-301F-11D3-BF4B-00C04F79EFBC}") = "ETrade.Order.Application", "Services\Order\Core\ETrade.Order.Application\ETrade.Order.Application.csproj", "{8E177EDE-5753-4060-8340-A3408BDCA358}"
EndProject
Project("{FAE04EC0-301F-11D3-BF4B-00C04F79EFBC}") = "ETrade.Order.Persistance", "Services\Order\Insfracture\ETrade.Order.Persistance\ETrade.Order.Persistance.csproj", "{61E3B702-4728-40EC-87EF-B03E00534100}"
EndProject
Project("{FAE04EC0-301F-11D3-BF4B-00C04F79EFBC}") = "ETrade.Order.WebAPI", "Services\Order\Presentation\ETrade.Order.WebAPI\ETrade.Order.WebAPI.csproj", "{13848425-DE92-4C01-851E-9402D241785E}"
EndProject
Project("{2150E333-8FDC-42A3-9474-1A3956D46DE8}") = "IdentityServer", "IdentityServer", "{E1F35BC1-502F-4E77-AB61-3BFEBE413AAC}"
EndProject
Project("{FAE04EC0-301F-11D3-BF4B-00C04F79EFBC}") = "Identity", "Identity\Identity.csproj", "{DB637109-8189-ADB8-203D-EBBF74885970}"
EndProject
Project("{2150E333-8FDC-42A3-9474-1A3956D46DE8}") = "Cargo", "Cargo", "{C71E9D92-6B7B-434E-80A4-EC23A9614684}"
EndProject
Project("{FAE04EC0-301F-11D3-BF4B-00C04F79EFBC}") = "ETrade.Cargo.Business", "Services\Cargo\ETrade.Cargo.Business\ETrade.Cargo.Business.csproj", "{0BE62716-FDA1-49A9-BAB7-7940CF6F88D2}"
EndProject
Project("{FAE04EC0-301F-11D3-BF4B-00C04F79EFBC}") = "ETrade.Cargo.EntitiyLayer", "Services\Cargo\ETrade.Cargo.EntitiyLayer\ETrade.Cargo.EntitiyLayer.csproj", "{77BC8BFC-62E0-49EB-9475-8984609867D9}"
EndProject
Project("{FAE04EC0-301F-11D3-BF4B-00C04F79EFBC}") = "ETrade.Cargo.DataAccesLayer", "Services\Cargo\ETrade.Cargo.DataAccesLayer\ETrade.Cargo.DataAccesLayer.csproj", "{1414AA03-A974-46B4-89B3-5CD45D710C4B}"
EndProject
Project("{FAE04EC0-301F-11D3-BF4B-00C04F79EFBC}") = "ETrade.Cargo.DtoLayer", "Services\Cargo\ETrade.Cargo.DtoLayer\ETrade.Cargo.DtoLayer.csproj", "{78856E9D-E177-4EFE-8BD7-C568394C6E86}"
EndProject
Project("{FAE04EC0-301F-11D3-BF4B-00C04F79EFBC}") = "ETrade.Cargo.WebAPI", "Services\Cargo\ETrade.Cargo.WebAPI\ETrade.Cargo.WebAPI.csproj", "{4AAFD16A-9E38-463C-9CD2-F0E2DBE87A2B}"
EndProject
Project("{2150E333-8FDC-42A3-9474-1A3956D46DE8}") = "Basket", "Basket", "{3AB1D1E0-76C4-4DA0-B950-46D5DACD8E2E}"
EndProject
Project("{FAE04EC0-301F-11D3-BF4B-00C04F79EFBC}") = "ETrade.Basket", "Services\Basket\ETrade.Basket\ETrade.Basket.csproj", "{B79E4315-76C1-4CB7-80CE-8A7A2BF630F6}"
EndProject
Project("{2150E333-8FDC-42A3-9474-1A3956D46DE8}") = "Frontends", "Frontends", "{E39D4B53-F62B-4DC6-BD4C-6E8C80A69C10}"
EndProject
Project("{FAE04EC0-301F-11D3-BF4B-00C04F79EFBC}") = "ETrade.WebUI", "..\..\..\Desktop\ETrade.WebUI\ETrade.WebUI.csproj", "{9625AB0F-FCA1-BBD3-B2F7-3A18AEC78A26}"
EndProject
Project("{FAE04EC0-301F-11D3-BF4B-00C04F79EFBC}") = "DtoLayer", "Frontends\DtoLayer\DtoLayer.csproj", "{DCBE1647-234F-4BCB-8233-04C205327990}"
EndProject
Project("{2150E333-8FDC-42A3-9474-1A3956D46DE8}") = "APIGateway", "APIGateway", "{B2D22546-6C17-4AB6-BF83-AFF4C991623B}"
EndProject
Project("{FAE04EC0-301F-11D3-BF4B-00C04F79EFBC}") = "ETrade.OcelotGateway", "APIGateway\ETrade.OcelotGateway\ETrade.OcelotGateway.csproj", "{1F37154A-13FB-4320-A541-3119E4425FFB}"
EndProject
Project("{2150E333-8FDC-42A3-9474-1A3956D46DE8}") = "Notes", "Notes", "{632CA5D1-8C43-45F6-9083-910A5D914AC7}"
	ProjectSection(SolutionItems) = preProject
		Ocelotcode.txt = Ocelotcode.txt
	EndProjectSection
EndProject
Global
	GlobalSection(SolutionConfigurationPlatforms) = preSolution
		Debug|Any CPU = Debug|Any CPU
		Release|Any CPU = Release|Any CPU
	EndGlobalSection
	GlobalSection(ProjectConfigurationPlatforms) = postSolution
		{DE7D85F3-AB37-4734-9E57-51A7FF07C179}.Debug|Any CPU.ActiveCfg = Debug|Any CPU
		{DE7D85F3-AB37-4734-9E57-51A7FF07C179}.Debug|Any CPU.Build.0 = Debug|Any CPU
		{DE7D85F3-AB37-4734-9E57-51A7FF07C179}.Release|Any CPU.ActiveCfg = Release|Any CPU
		{DE7D85F3-AB37-4734-9E57-51A7FF07C179}.Release|Any CPU.Build.0 = Release|Any CPU
		{B45FDC0F-7A52-4A83-B67D-230B9F40FEB4}.Debug|Any CPU.ActiveCfg = Debug|Any CPU
		{B45FDC0F-7A52-4A83-B67D-230B9F40FEB4}.Debug|Any CPU.Build.0 = Debug|Any CPU
		{B45FDC0F-7A52-4A83-B67D-230B9F40FEB4}.Release|Any CPU.ActiveCfg = Release|Any CPU
		{B45FDC0F-7A52-4A83-B67D-230B9F40FEB4}.Release|Any CPU.Build.0 = Release|Any CPU
		{802EB2D7-59D9-46FB-9FD3-412F344B3E1F}.Debug|Any CPU.ActiveCfg = Debug|Any CPU
		{802EB2D7-59D9-46FB-9FD3-412F344B3E1F}.Debug|Any CPU.Build.0 = Debug|Any CPU
		{802EB2D7-59D9-46FB-9FD3-412F344B3E1F}.Release|Any CPU.ActiveCfg = Release|Any CPU
		{802EB2D7-59D9-46FB-9FD3-412F344B3E1F}.Release|Any CPU.Build.0 = Release|Any CPU
		{8E177EDE-5753-4060-8340-A3408BDCA358}.Debug|Any CPU.ActiveCfg = Debug|Any CPU
		{8E177EDE-5753-4060-8340-A3408BDCA358}.Debug|Any CPU.Build.0 = Debug|Any CPU
		{8E177EDE-5753-4060-8340-A3408BDCA358}.Release|Any CPU.ActiveCfg = Release|Any CPU
		{8E177EDE-5753-4060-8340-A3408BDCA358}.Release|Any CPU.Build.0 = Release|Any CPU
		{61E3B702-4728-40EC-87EF-B03E00534100}.Debug|Any CPU.ActiveCfg = Debug|Any CPU
		{61E3B702-4728-40EC-87EF-B03E00534100}.Debug|Any CPU.Build.0 = Debug|Any CPU
		{61E3B702-4728-40EC-87EF-B03E00534100}.Release|Any CPU.ActiveCfg = Release|Any CPU
		{61E3B702-4728-40EC-87EF-B03E00534100}.Release|Any CPU.Build.0 = Release|Any CPU
		{13848425-DE92-4C01-851E-9402D241785E}.Debug|Any CPU.ActiveCfg = Debug|Any CPU
		{13848425-DE92-4C01-851E-9402D241785E}.Debug|Any CPU.Build.0 = Debug|Any CPU
		{13848425-DE92-4C01-851E-9402D241785E}.Release|Any CPU.ActiveCfg = Release|Any CPU
		{13848425-DE92-4C01-851E-9402D241785E}.Release|Any CPU.Build.0 = Release|Any CPU
		{DB637109-8189-ADB8-203D-EBBF74885970}.Debug|Any CPU.ActiveCfg = Debug|Any CPU
		{DB637109-8189-ADB8-203D-EBBF74885970}.Debug|Any CPU.Build.0 = Debug|Any CPU
		{DB637109-8189-ADB8-203D-EBBF74885970}.Release|Any CPU.ActiveCfg = Release|Any CPU
		{DB637109-8189-ADB8-203D-EBBF74885970}.Release|Any CPU.Build.0 = Release|Any CPU
		{0BE62716-FDA1-49A9-BAB7-7940CF6F88D2}.Debug|Any CPU.ActiveCfg = Debug|Any CPU
		{0BE62716-FDA1-49A9-BAB7-7940CF6F88D2}.Debug|Any CPU.Build.0 = Debug|Any CPU
		{0BE62716-FDA1-49A9-BAB7-7940CF6F88D2}.Release|Any CPU.ActiveCfg = Release|Any CPU
		{0BE62716-FDA1-49A9-BAB7-7940CF6F88D2}.Release|Any CPU.Build.0 = Release|Any CPU
		{77BC8BFC-62E0-49EB-9475-8984609867D9}.Debug|Any CPU.ActiveCfg = Debug|Any CPU
		{77BC8BFC-62E0-49EB-9475-8984609867D9}.Debug|Any CPU.Build.0 = Debug|Any CPU
		{77BC8BFC-62E0-49EB-9475-8984609867D9}.Release|Any CPU.ActiveCfg = Release|Any CPU
		{77BC8BFC-62E0-49EB-9475-8984609867D9}.Release|Any CPU.Build.0 = Release|Any CPU
		{1414AA03-A974-46B4-89B3-5CD45D710C4B}.Debug|Any CPU.ActiveCfg = Debug|Any CPU
		{1414AA03-A974-46B4-89B3-5CD45D710C4B}.Debug|Any CPU.Build.0 = Debug|Any CPU
		{1414AA03-A974-46B4-89B3-5CD45D710C4B}.Release|Any CPU.ActiveCfg = Release|Any CPU
		{1414AA03-A974-46B4-89B3-5CD45D710C4B}.Release|Any CPU.Build.0 = Release|Any CPU
		{78856E9D-E177-4EFE-8BD7-C568394C6E86}.Debug|Any CPU.ActiveCfg = Debug|Any CPU
		{78856E9D-E177-4EFE-8BD7-C568394C6E86}.Debug|Any CPU.Build.0 = Debug|Any CPU
		{78856E9D-E177-4EFE-8BD7-C568394C6E86}.Release|Any CPU.ActiveCfg = Release|Any CPU
		{78856E9D-E177-4EFE-8BD7-C568394C6E86}.Release|Any CPU.Build.0 = Release|Any CPU
		{4AAFD16A-9E38-463C-9CD2-F0E2DBE87A2B}.Debug|Any CPU.ActiveCfg = Debug|Any CPU
		{4AAFD16A-9E38-463C-9CD2-F0E2DBE87A2B}.Debug|Any CPU.Build.0 = Debug|Any CPU
		{4AAFD16A-9E38-463C-9CD2-F0E2DBE87A2B}.Release|Any CPU.ActiveCfg = Release|Any CPU
		{4AAFD16A-9E38-463C-9CD2-F0E2DBE87A2B}.Release|Any CPU.Build.0 = Release|Any CPU
		{B79E4315-76C1-4CB7-80CE-8A7A2BF630F6}.Debug|Any CPU.ActiveCfg = Debug|Any CPU
		{B79E4315-76C1-4CB7-80CE-8A7A2BF630F6}.Debug|Any CPU.Build.0 = Debug|Any CPU
		{B79E4315-76C1-4CB7-80CE-8A7A2BF630F6}.Release|Any CPU.ActiveCfg = Release|Any CPU
		{B79E4315-76C1-4CB7-80CE-8A7A2BF630F6}.Release|Any CPU.Build.0 = Release|Any CPU
		{9625AB0F-FCA1-BBD3-B2F7-3A18AEC78A26}.Debug|Any CPU.ActiveCfg = Debug|Any CPU
		{9625AB0F-FCA1-BBD3-B2F7-3A18AEC78A26}.Debug|Any CPU.Build.0 = Debug|Any CPU
		{9625AB0F-FCA1-BBD3-B2F7-3A18AEC78A26}.Release|Any CPU.ActiveCfg = Release|Any CPU
		{9625AB0F-FCA1-BBD3-B2F7-3A18AEC78A26}.Release|Any CPU.Build.0 = Release|Any CPU
		{DCBE1647-234F-4BCB-8233-04C205327990}.Debug|Any CPU.ActiveCfg = Debug|Any CPU
		{DCBE1647-234F-4BCB-8233-04C205327990}.Debug|Any CPU.Build.0 = Debug|Any CPU
		{DCBE1647-234F-4BCB-8233-04C205327990}.Release|Any CPU.ActiveCfg = Release|Any CPU
		{DCBE1647-234F-4BCB-8233-04C205327990}.Release|Any CPU.Build.0 = Release|Any CPU
		{1F37154A-13FB-4320-A541-3119E4425FFB}.Debug|Any CPU.ActiveCfg = Debug|Any CPU
		{1F37154A-13FB-4320-A541-3119E4425FFB}.Debug|Any CPU.Build.0 = Debug|Any CPU
		{1F37154A-13FB-4320-A541-3119E4425FFB}.Release|Any CPU.ActiveCfg = Release|Any CPU
		{1F37154A-13FB-4320-A541-3119E4425FFB}.Release|Any CPU.Build.0 = Release|Any CPU
	EndGlobalSection
	GlobalSection(SolutionProperties) = preSolution
		HideSolutionNode = FALSE
	EndGlobalSection
	GlobalSection(NestedProjects) = preSolution
		{50CEEE51-9780-48E8-8953-B318E16367A8} = {02EA681E-C7D8-13C7-8484-4AC65E1B71E8}
		{DE7D85F3-AB37-4734-9E57-51A7FF07C179} = {50CEEE51-9780-48E8-8953-B318E16367A8}
		{738F46F9-FD9C-4B0A-A1C6-5387B3D665BB} = {02EA681E-C7D8-13C7-8484-4AC65E1B71E8}
		{B45FDC0F-7A52-4A83-B67D-230B9F40FEB4} = {738F46F9-FD9C-4B0A-A1C6-5387B3D665BB}
		{3C4B928E-F761-4664-A225-016E3CF79F25} = {02EA681E-C7D8-13C7-8484-4AC65E1B71E8}
		{98D7FB9C-B322-488E-877C-44660E69C38A} = {3C4B928E-F761-4664-A225-016E3CF79F25}
		{3D67FBE0-A48E-4B74-85AA-FB1FC0BB9518} = {3C4B928E-F761-4664-A225-016E3CF79F25}
		{CF1F69B6-4BEB-42AE-8790-4AADE61D2ECA} = {3C4B928E-F761-4664-A225-016E3CF79F25}
		{802EB2D7-59D9-46FB-9FD3-412F344B3E1F} = {98D7FB9C-B322-488E-877C-44660E69C38A}
		{8E177EDE-5753-4060-8340-A3408BDCA358} = {98D7FB9C-B322-488E-877C-44660E69C38A}
		{61E3B702-4728-40EC-87EF-B03E00534100} = {3D67FBE0-A48E-4B74-85AA-FB1FC0BB9518}
		{13848425-DE92-4C01-851E-9402D241785E} = {CF1F69B6-4BEB-42AE-8790-4AADE61D2ECA}
		{DB637109-8189-ADB8-203D-EBBF74885970} = {E1F35BC1-502F-4E77-AB61-3BFEBE413AAC}
		{C71E9D92-6B7B-434E-80A4-EC23A9614684} = {02EA681E-C7D8-13C7-8484-4AC65E1B71E8}
		{0BE62716-FDA1-49A9-BAB7-7940CF6F88D2} = {C71E9D92-6B7B-434E-80A4-EC23A9614684}
		{77BC8BFC-62E0-49EB-9475-8984609867D9} = {C71E9D92-6B7B-434E-80A4-EC23A9614684}
		{1414AA03-A974-46B4-89B3-5CD45D710C4B} = {C71E9D92-6B7B-434E-80A4-EC23A9614684}
		{78856E9D-E177-4EFE-8BD7-C568394C6E86} = {C71E9D92-6B7B-434E-80A4-EC23A9614684}
		{4AAFD16A-9E38-463C-9CD2-F0E2DBE87A2B} = {C71E9D92-6B7B-434E-80A4-EC23A9614684}
		{3AB1D1E0-76C4-4DA0-B950-46D5DACD8E2E} = {02EA681E-C7D8-13C7-8484-4AC65E1B71E8}
		{B79E4315-76C1-4CB7-80CE-8A7A2BF630F6} = {3AB1D1E0-76C4-4DA0-B950-46D5DACD8E2E}
		{9625AB0F-FCA1-BBD3-B2F7-3A18AEC78A26} = {E39D4B53-F62B-4DC6-BD4C-6E8C80A69C10}
		{DCBE1647-234F-4BCB-8233-04C205327990} = {E39D4B53-F62B-4DC6-BD4C-6E8C80A69C10}
		{1F37154A-13FB-4320-A541-3119E4425FFB} = {B2D22546-6C17-4AB6-BF83-AFF4C991623B}
	EndGlobalSection
	GlobalSection(ExtensibilityGlobals) = postSolution
		SolutionGuid = {8E144535-4667-453E-BD40-61F6D5E2E539}
	EndGlobalSection
EndGlobal
